
Microsoft Visual Studio Solution File, Format Version 12.00
# Visual Studio 15
VisualStudioVersion = 15.0.28010.2048
MinimumVisualStudioVersion = 10.0.40219.1
Project("{FAE04EC0-301F-11D3-BF4B-00C04F79EFBC}") = "TasksTracker", "TasksTracker\TasksTracker.csproj", "{FABBBC93-E72F-4B40-BC27-89E9AEB05361}"
EndProject
Global
	GlobalSection(SolutionConfigurationPlatforms) = preSolution
		Debug|Any CPU = Debug|Any CPU
		Release|Any CPU = Release|Any CPU
	EndGlobalSection
	GlobalSection(ProjectConfigurationPlatforms) = postSolution
		{FABBBC93-E72F-4B40-BC27-89E9AEB05361}.Debug|Any CPU.ActiveCfg = Debug|Any CPU
		{FABBBC93-E72F-4B40-BC27-89E9AEB05361}.Debug|Any CPU.Build.0 = Debug|Any CPU
		{FABBBC93-E72F-4B40-BC27-89E9AEB05361}.Release|Any CPU.ActiveCfg = Release|Any CPU
		{FABBBC93-E72F-4B40-BC27-89E9AEB05361}.Release|Any CPU.Build.0 = Release|Any CPU
	EndGlobalSection
	GlobalSection(SolutionProperties) = preSolution
		HideSolutionNode = FALSE
	EndGlobalSection
	GlobalSection(ExtensibilityGlobals) = postSolution
		SolutionGuid = {E73F95ED-C6FE-494E-9772-648DB851B69E}
	EndGlobalSection
EndGlobal
